
Microsoft Visual Studio Solution File, Format Version 12.00
# Visual Studio Version 17
VisualStudioVersion = 17.4.33122.133
MinimumVisualStudioVersion = 10.0.40219.1
Project("{FAE04EC0-301F-11D3-BF4B-00C04F79EFBC}") = "Certificate of Motor Insurance", "Certificate of Motor Insurance\Certificate of Motor Insurance.csproj", "{7161BC93-1BA4-4E5C-876E-DC86D5DAEE3E}"
EndProject
Global
	GlobalSection(SolutionConfigurationPlatforms) = preSolution
		Debug|Any CPU = Debug|Any CPU
		Release|Any CPU = Release|Any CPU
	EndGlobalSection
	GlobalSection(ProjectConfigurationPlatforms) = postSolution
		{7161BC93-1BA4-4E5C-876E-DC86D5DAEE3E}.Debug|Any CPU.ActiveCfg = Debug|Any CPU
		{7161BC93-1BA4-4E5C-876E-DC86D5DAEE3E}.Debug|Any CPU.Build.0 = Debug|Any CPU
		{7161BC93-1BA4-4E5C-876E-DC86D5DAEE3E}.Release|Any CPU.ActiveCfg = Release|Any CPU
		{7161BC93-1BA4-4E5C-876E-DC86D5DAEE3E}.Release|Any CPU.Build.0 = Release|Any CPU
	EndGlobalSection
	GlobalSection(SolutionProperties) = preSolution
		HideSolutionNode = FALSE
	EndGlobalSection
	GlobalSection(ExtensibilityGlobals) = postSolution
		SolutionGuid = {26B27539-1001-481E-87A8-22D2EFE2D8C9}
	EndGlobalSection
EndGlobal
